
Microsoft Visual Studio Solution File, Format Version 12.00
# Visual Studio 15
VisualStudioVersion = 15.0.26730.12
MinimumVisualStudioVersion = 10.0.40219.1
Project("{F184B08F-C81C-45F6-A57F-5ABD9991F28F}") = "Module-Drag and Drop", "Module-Drag and Drop\Module-Drag and Drop.vbproj", "{A17F168D-37CD-45B8-A876-53659EF4F8CD}"
EndProject
Global
	GlobalSection(SolutionConfigurationPlatforms) = preSolution
		Debug|Any CPU = Debug|Any CPU
		Release|Any CPU = Release|Any CPU
	EndGlobalSection
	GlobalSection(ProjectConfigurationPlatforms) = postSolution
		{A17F168D-37CD-45B8-A876-53659EF4F8CD}.Debug|Any CPU.ActiveCfg = Debug|Any CPU
		{A17F168D-37CD-45B8-A876-53659EF4F8CD}.Debug|Any CPU.Build.0 = Debug|Any CPU
		{A17F168D-37CD-45B8-A876-53659EF4F8CD}.Release|Any CPU.ActiveCfg = Release|Any CPU
		{A17F168D-37CD-45B8-A876-53659EF4F8CD}.Release|Any CPU.Build.0 = Release|Any CPU
	EndGlobalSection
	GlobalSection(SolutionProperties) = preSolution
		HideSolutionNode = FALSE
	EndGlobalSection
	GlobalSection(ExtensibilityGlobals) = postSolution
		SolutionGuid = {B33054AF-951D-4741-A27A-F1E490B6B1DC}
	EndGlobalSection
EndGlobal
